
Microsoft Visual Studio Solution File, Format Version 12.00
# Visual Studio Version 16
VisualStudioVersion = 16.0.31515.178
MinimumVisualStudioVersion = 10.0.40219.1
Project("{9A19103F-16F7-4668-BE54-9A1E7A4F7556}") = "IndianStateCensusAnalyser", "IndianStateCensusAnalyser\IndianStateCensusAnalyser.csproj", "{28ED6004-83DC-4D8C-8408-C79EB957C6C6}"
EndProject
Project("{FAE04EC0-301F-11D3-BF4B-00C04F79EFBC}") = "CensusAnalyserTest", "CensusAnalyserTest\CensusAnalyserTest.csproj", "{87B8E73A-F50E-46A0-B693-BAF5ECDB31B7}"
EndProject
Global
	GlobalSection(SolutionConfigurationPlatforms) = preSolution
		Debug|Any CPU = Debug|Any CPU
		Release|Any CPU = Release|Any CPU
	EndGlobalSection
	GlobalSection(ProjectConfigurationPlatforms) = postSolution
		{28ED6004-83DC-4D8C-8408-C79EB957C6C6}.Debug|Any CPU.ActiveCfg = Debug|Any CPU
		{28ED6004-83DC-4D8C-8408-C79EB957C6C6}.Debug|Any CPU.Build.0 = Debug|Any CPU
		{28ED6004-83DC-4D8C-8408-C79EB957C6C6}.Release|Any CPU.ActiveCfg = Release|Any CPU
		{28ED6004-83DC-4D8C-8408-C79EB957C6C6}.Release|Any CPU.Build.0 = Release|Any CPU
		{87B8E73A-F50E-46A0-B693-BAF5ECDB31B7}.Debug|Any CPU.ActiveCfg = Debug|Any CPU
		{87B8E73A-F50E-46A0-B693-BAF5ECDB31B7}.Debug|Any CPU.Build.0 = Debug|Any CPU
		{87B8E73A-F50E-46A0-B693-BAF5ECDB31B7}.Release|Any CPU.ActiveCfg = Release|Any CPU
		{87B8E73A-F50E-46A0-B693-BAF5ECDB31B7}.Release|Any CPU.Build.0 = Release|Any CPU
	EndGlobalSection
	GlobalSection(SolutionProperties) = preSolution
		HideSolutionNode = FALSE
	EndGlobalSection
	GlobalSection(ExtensibilityGlobals) = postSolution
		SolutionGuid = {7DF2FCF1-E145-4B1A-AD67-312B8F569E71}
	EndGlobalSection
EndGlobal
